
Microsoft Visual Studio Solution File, Format Version 11.00
# Visual Studio 2010
Project("{FAE04EC0-301F-11D3-BF4B-00C04F79EFBC}") = "practica2", "practica2\practica2.csproj", "{DCF7463D-9C80-4ED4-881D-5C94A6035E88}"
EndProject
Global
	GlobalSection(SolutionConfigurationPlatforms) = preSolution
		Debug|x86 = Debug|x86
		Release|x86 = Release|x86
	EndGlobalSection
	GlobalSection(ProjectConfigurationPlatforms) = postSolution
		{DCF7463D-9C80-4ED4-881D-5C94A6035E88}.Debug|x86.ActiveCfg = Debug|x86
		{DCF7463D-9C80-4ED4-881D-5C94A6035E88}.Debug|x86.Build.0 = Debug|x86
		{DCF7463D-9C80-4ED4-881D-5C94A6035E88}.Release|x86.ActiveCfg = Release|x86
		{DCF7463D-9C80-4ED4-881D-5C94A6035E88}.Release|x86.Build.0 = Release|x86
	EndGlobalSection
	GlobalSection(MonoDevelopProperties) = preSolution
		StartupItem = practica2\practica2.csproj
	EndGlobalSection
EndGlobal
